
Microsoft Visual Studio Solution File, Format Version 12.00
# Visual Studio Version 16
VisualStudioVersion = 16.0.30621.155
MinimumVisualStudioVersion = 10.0.40219.1
Project("{9A19103F-16F7-4668-BE54-9A1E7A4F7556}") = "model", "model\model.csproj", "{91979AB2-0E28-4AE5-8789-EE5165198F7B}"
EndProject
Project("{9A19103F-16F7-4668-BE54-9A1E7A4F7556}") = "usecase", "usecase\usecase.csproj", "{4BD0214A-D413-49C0-919A-88CD12CEA2EF}"
EndProject
Project("{9A19103F-16F7-4668-BE54-9A1E7A4F7556}") = "datasource", "datasource\datasource.csproj", "{172CDAC6-9933-42C3-8E38-C93C58BD147F}"
EndProject
Project("{9A19103F-16F7-4668-BE54-9A1E7A4F7556}") = "persenter", "persenter\persenter.csproj", "{D4EE8545-190C-4A93-AAFE-FC34390116D0}"
EndProject
Project("{FAE04EC0-301F-11D3-BF4B-00C04F79EFBC}") = "local", "local\local.csproj", "{FAA09C10-5080-40E5-8F88-C3D14BFFAD5D}"
EndProject
Project("{FAE04EC0-301F-11D3-BF4B-00C04F79EFBC}") = "remote", "remote\remote.csproj", "{C224DE74-0F0A-49AA-87CC-149D76E8388E}"
EndProject
Global
	GlobalSection(SolutionConfigurationPlatforms) = preSolution
		Debug|Any CPU = Debug|Any CPU
		Release|Any CPU = Release|Any CPU
	EndGlobalSection
	GlobalSection(ProjectConfigurationPlatforms) = postSolution
		{91979AB2-0E28-4AE5-8789-EE5165198F7B}.Debug|Any CPU.ActiveCfg = Debug|Any CPU
		{91979AB2-0E28-4AE5-8789-EE5165198F7B}.Debug|Any CPU.Build.0 = Debug|Any CPU
		{91979AB2-0E28-4AE5-8789-EE5165198F7B}.Release|Any CPU.ActiveCfg = Release|Any CPU
		{91979AB2-0E28-4AE5-8789-EE5165198F7B}.Release|Any CPU.Build.0 = Release|Any CPU
		{4BD0214A-D413-49C0-919A-88CD12CEA2EF}.Debug|Any CPU.ActiveCfg = Debug|Any CPU
		{4BD0214A-D413-49C0-919A-88CD12CEA2EF}.Debug|Any CPU.Build.0 = Debug|Any CPU
		{4BD0214A-D413-49C0-919A-88CD12CEA2EF}.Release|Any CPU.ActiveCfg = Release|Any CPU
		{4BD0214A-D413-49C0-919A-88CD12CEA2EF}.Release|Any CPU.Build.0 = Release|Any CPU
		{172CDAC6-9933-42C3-8E38-C93C58BD147F}.Debug|Any CPU.ActiveCfg = Debug|Any CPU
		{172CDAC6-9933-42C3-8E38-C93C58BD147F}.Debug|Any CPU.Build.0 = Debug|Any CPU
		{172CDAC6-9933-42C3-8E38-C93C58BD147F}.Release|Any CPU.ActiveCfg = Release|Any CPU
		{172CDAC6-9933-42C3-8E38-C93C58BD147F}.Release|Any CPU.Build.0 = Release|Any CPU
		{D4EE8545-190C-4A93-AAFE-FC34390116D0}.Debug|Any CPU.ActiveCfg = Debug|Any CPU
		{D4EE8545-190C-4A93-AAFE-FC34390116D0}.Debug|Any CPU.Build.0 = Debug|Any CPU
		{D4EE8545-190C-4A93-AAFE-FC34390116D0}.Release|Any CPU.ActiveCfg = Release|Any CPU
		{D4EE8545-190C-4A93-AAFE-FC34390116D0}.Release|Any CPU.Build.0 = Release|Any CPU
		{FAA09C10-5080-40E5-8F88-C3D14BFFAD5D}.Debug|Any CPU.ActiveCfg = Debug|Any CPU
		{FAA09C10-5080-40E5-8F88-C3D14BFFAD5D}.Debug|Any CPU.Build.0 = Debug|Any CPU
		{FAA09C10-5080-40E5-8F88-C3D14BFFAD5D}.Release|Any CPU.ActiveCfg = Release|Any CPU
		{FAA09C10-5080-40E5-8F88-C3D14BFFAD5D}.Release|Any CPU.Build.0 = Release|Any CPU
		{C224DE74-0F0A-49AA-87CC-149D76E8388E}.Debug|Any CPU.ActiveCfg = Debug|Any CPU
		{C224DE74-0F0A-49AA-87CC-149D76E8388E}.Debug|Any CPU.Build.0 = Debug|Any CPU
		{C224DE74-0F0A-49AA-87CC-149D76E8388E}.Release|Any CPU.ActiveCfg = Release|Any CPU
		{C224DE74-0F0A-49AA-87CC-149D76E8388E}.Release|Any CPU.Build.0 = Release|Any CPU
	EndGlobalSection
	GlobalSection(SolutionProperties) = preSolution
		HideSolutionNode = FALSE
	EndGlobalSection
	GlobalSection(ExtensibilityGlobals) = postSolution
		SolutionGuid = {421A1837-0407-42E1-A408-AE83AAD36740}
	EndGlobalSection
EndGlobal
